
Microsoft Visual Studio Solution File, Format Version 12.00
# Visual Studio Version 17
VisualStudioVersion = 17.14.36414.22 d17.14
MinimumVisualStudioVersion = 10.0.40219.1
Project("{FAE04EC0-301F-11D3-BF4B-00C04F79EFBC}") = "PractiCampo_6", "PractiCampo_6\PractiCampo_6.csproj", "{346F586D-72D0-4B6C-8583-88CB84E46CEF}"
EndProject
Global
	GlobalSection(SolutionConfigurationPlatforms) = preSolution
		Debug|Any CPU = Debug|Any CPU
		Release|Any CPU = Release|Any CPU
	EndGlobalSection
	GlobalSection(ProjectConfigurationPlatforms) = postSolution
		{346F586D-72D0-4B6C-8583-88CB84E46CEF}.Debug|Any CPU.ActiveCfg = Debug|Any CPU
		{346F586D-72D0-4B6C-8583-88CB84E46CEF}.Debug|Any CPU.Build.0 = Debug|Any CPU
		{346F586D-72D0-4B6C-8583-88CB84E46CEF}.Release|Any CPU.ActiveCfg = Release|Any CPU
		{346F586D-72D0-4B6C-8583-88CB84E46CEF}.Release|Any CPU.Build.0 = Release|Any CPU
	EndGlobalSection
	GlobalSection(SolutionProperties) = preSolution
		HideSolutionNode = FALSE
	EndGlobalSection
	GlobalSection(ExtensibilityGlobals) = postSolution
		SolutionGuid = {ACD1C312-AB70-4654-A0A7-FC123B83AEC6}
	EndGlobalSection
EndGlobal
